{
  "name": "newrelic-instrumented-lambda-sample",
  "version": "1.0.0",
  "lockfileVersion": 1,
  "requires": true,
  "dependencies": {
    "unique-names-generator": {
      "version": "4.4.0",
      "resolved": "https://registry.npmjs.org/unique-names-generator/-/unique-names-generator-4.4.0.tgz",
      "integrity": "sha512-0noP+m59TGwolNqnmXfiqMA5KiTudIk6D0VgzNkk2C1Jv3Lr+sY3T07nEWBg8Uq92/FjGca1klsRR6CXFriqFw=="
    }
  }
}
